# THIS IS AN AUTOGENERATED FILE. DO NOT EDIT THIS FILE DIRECTLY.
# yarn lockfile v1


"@tensorflow-models/posenet@^2.2.1":
  version "2.2.1"
  resolved "https://registry.yarnpkg.com/@tensorflow-models/posenet/-/posenet-2.2.1.tgz#2f0a68d909842f59eec195f23c6f3d4cebc53fa8"
  integrity sha512-n9/g6DfjAyrBTf/zt1haRCyWsgALxUCzg9/Ks3Y2mbYavRZVSCSTRPy/qlE5Hr4tLfyckGfDN14zmGTthNcg/g==

"@tensorflow/tfjs-backend-cpu@2.0.1":
  version "2.0.1"
  resolved "https://registry.yarnpkg.com/@tensorflow/tfjs-backend-cpu/-/tfjs-backend-cpu-2.0.1.tgz#959a5bbc7f956ff37c4fbced2db75cd299ce76c4"
  integrity sha512-ZTDdq+O6AgeOrkek42gmPWz2T0r8Y6dBGjEFWkCMLI/5v3KnkodUkHRQOUoIN5hiaPXnBp6425DpwT9CfxxJOg==
  dependencies:
    "@types/seedrandom" "2.4.27"
    seedrandom "2.4.3"

"@tensorflow/tfjs-backend-webgl@2.0.1":
  version "2.0.1"
  resolved "https://registry.yarnpkg.com/@tensorflow/tfjs-backend-webgl/-/tfjs-backend-webgl-2.0.1.tgz#08eaff7fe9a7533b4d62475ec6220e843962af89"
  integrity sha512-Z0MNsbHyRBr2lHu4FKtmBgGGfmBOqB0zwN69d2uSEEvy/IsgtrGAwBVbB/Vv3hEK35RmgsaknKGergNugm23FQ==
  dependencies:
    "@tensorflow/tfjs-backend-cpu" "2.0.1"
    "@types/offscreencanvas" "~2019.3.0"
    "@types/seedrandom" "2.4.27"
    "@types/webgl-ext" "0.0.30"
    "@types/webgl2" "0.0.4"
    seedrandom "2.4.3"

"@tensorflow/tfjs-converter@^2.7.0":
  version "2.7.0"
  resolved "https://registry.npm.taobao.org/@tensorflow/tfjs-converter/download/@tensorflow/tfjs-converter-2.7.0.tgz#24acdd8964b264ba4839f7a3466f8bacafb98c13"
  integrity sha1-JKzdiWSyZLpIOfejRm+LrK+5jBM=

"@tensorflow/tfjs-core@^2.7.0":
  version "2.7.0"
  resolved "https://registry.npm.taobao.org/@tensorflow/tfjs-core/download/@tensorflow/tfjs-core-2.7.0.tgz#3bc24d360c388dbd87601b7823a4d7a1b67f324b"
  integrity sha1-O8JNNgw4jb2HYBt4I6TXobZ/Mks=
  dependencies:
    "@types/offscreencanvas" "~2019.3.0"
    "@types/seedrandom" "2.4.27"
    "@types/webgl-ext" "0.0.30"
    node-fetch "~2.6.1"
    seedrandom "2.4.3"

"@types/offscreencanvas@~2019.3.0":
  version "2019.3.0"
  resolved "https://registry.npm.taobao.org/@types/offscreencanvas/download/@types/offscreencanvas-2019.3.0.tgz#3336428ec7e9180cf4566dfea5da04eb586a6553"
  integrity sha1-MzZCjsfpGAz0Vm3+pdoE61hqZVM=

"@types/seedrandom@2.4.27":
  version "2.4.27"
  resolved "https://registry.npm.taobao.org/@types/seedrandom/download/@types/seedrandom-2.4.27.tgz#9db563937dd86915f69092bc43259d2f48578e41"
  integrity sha1-nbVjk33YaRX2kJK8QyWdL0hXjkE=

"@types/webgl-ext@0.0.30":
  version "0.0.30"
  resolved "https://registry.npm.taobao.org/@types/webgl-ext/download/@types/webgl-ext-0.0.30.tgz#0ce498c16a41a23d15289e0b844d945b25f0fb9d"
  integrity sha1-DOSYwWpBoj0VKJ4LhE2UWyXw+50=

"@types/webgl2@0.0.4":
  version "0.0.4"
  resolved "https://registry.yarnpkg.com/@types/webgl2/-/webgl2-0.0.4.tgz#c3b0f9d6b465c66138e84e64cb3bdf8373c2c279"
  integrity sha512-PACt1xdErJbMUOUweSrbVM7gSIYm1vTncW2hF6Os/EeWi6TXYAYMPp+8v6rzHmypE5gHrxaxZNXgMkJVIdZpHw==

fetch-wechat@^0.0.3:
  version "0.0.3"
  resolved "https://registry.npm.taobao.org/fetch-wechat/download/fetch-wechat-0.0.3.tgz#2789c332a24bf9f4114b580c02d2934646e74f12"
  integrity sha1-J4nDMqJL+fQRS1gMAtKTRkbnTxI=

node-fetch@~2.6.1:
  version "2.6.1"
  resolved "https://registry.npm.taobao.org/node-fetch/download/node-fetch-2.6.1.tgz?cache=0&sync_timestamp=1599309120224&other_urls=https%3A%2F%2Fregistry.npm.taobao.org%2Fnode-fetch%2Fdownload%2Fnode-fetch-2.6.1.tgz#045bd323631f76ed2e2b55573394416b639a0052"
  integrity sha1-BFvTI2Mfdu0uK1VXM5RBa2OaAFI=

regenerator-runtime@^0.13.7:
  version "0.13.7"
  resolved "https://registry.yarnpkg.com/regenerator-runtime/-/regenerator-runtime-0.13.7.tgz#cac2dacc8a1ea675feaabaeb8ae833898ae46f55"
  integrity sha512-a54FxoJDIr27pgf7IgeQGxmqUNYrcV338lf/6gH456HZ/PhX+5BcwHXG9ajESmwe6WRO0tAzRUrRmNONWgkrew==

seedrandom@2.4.3:
  version "2.4.3"
  resolved "https://registry.npm.taobao.org/seedrandom/download/seedrandom-2.4.3.tgz#2438504dad33917314bff18ac4d794f16d6aaecc"
  integrity sha1-JDhQTa0zkXMUv/GKxNeU8W1qrsw=
